// !$*UTF8*$!
{
	archiveVersion = 1;
	classes = {
	};
	objectVersion = 48;
	objects = {

/* Begin PBXBuildFile section */
		433E7579C54766A9D820EEDE /* libPods-JCPTableTrain.a in Frameworks */ = {isa = PBXBuildFile; fileRef = 163718B89637DF37B5EA7EDA /* libPods-JCPTableTrain.a */; settings = {ATTRIBUTES = (Required, ); }; };
		FCAA225A1F8E00FC0009266A /* JCPTableViewCell.m in Sources */ = {isa = PBXBuildFile; fileRef = FCAA22591F8E00FC0009266A /* JCPTableViewCell.m */; };
		FCAA225D1F8EF37B0009266A /* Post.m in Sources */ = {isa = PBXBuildFile; fileRef = FCAA225C1F8EF37B0009266A /* Post.m */; };
		FCAA22601F8EF4040009266A /* PIXWebAPIManager.m in Sources */ = {isa = PBXBuildFile; fileRef = FCAA225F1F8EF4040009266A /* PIXWebAPIManager.m */; };
		FCD7758C1F8DEF7E001A3EA2 /* AppDelegate.m in Sources */ = {isa = PBXBuildFile; fileRef = FCD7758B1F8DEF7E001A3EA2 /* AppDelegate.m */; };
		FCD7758F1F8DEF7E001A3EA2 /* ViewController.m in Sources */ = {isa = PBXBuildFile; fileRef = FCD7758E1F8DEF7E001A3EA2 /* ViewController.m */; };
		FCD775921F8DEF7E001A3EA2 /* Main.storyboard in Resources */ = {isa = PBXBuildFile; fileRef = FCD775901F8DEF7E001A3EA2 /* Main.storyboard */; };
		FCD775941F8DEF7E001A3EA2 /* Assets.xcassets in Resources */ = {isa = PBXBuildFile; fileRef = FCD775931F8DEF7E001A3EA2 /* Assets.xcassets */; };
		FCD775971F8DEF7E001A3EA2 /* LaunchScreen.storyboard in Resources */ = {isa = PBXBuildFile; fileRef = FCD775951F8DEF7E001A3EA2 /* LaunchScreen.storyboard */; };
		FCD7759A1F8DEF7E001A3EA2 /* main.m in Sources */ = {isa = PBXBuildFile; fileRef = FCD775991F8DEF7E001A3EA2 /* main.m */; };
/* End PBXBuildFile section */

/* Begin PBXFileReference section */
		163718B89637DF37B5EA7EDA /* libPods-JCPTableTrain.a */ = {isa = PBXFileReference; explicitFileType = archive.ar; includeInIndex = 0; path = "libPods-JCPTableTrain.a"; sourceTree = BUILT_PRODUCTS_DIR; };
		3FE2122104DABD64D84406CF /* Pods-JCPTableTrain.release.xcconfig */ = {isa = PBXFileReference; includeInIndex = 1; lastKnownFileType = text.xcconfig; name = "Pods-JCPTableTrain.release.xcconfig"; path = "Pods/Target Support Files/Pods-JCPTableTrain/Pods-JCPTableTrain.release.xcconfig"; sourceTree = "<group>"; };
		E62A982EDE676A49982847C2 /* Pods-JCPTableTrain.debug.xcconfig */ = {isa = PBXFileReference; includeInIndex = 1; lastKnownFileType = text.xcconfig; name = "Pods-JCPTableTrain.debug.xcconfig"; path = "Pods/Target Support Files/Pods-JCPTableTrain/Pods-JCPTableTrain.debug.xcconfig"; sourceTree = "<group>"; };
		FCAA22581F8E00FC0009266A /* JCPTableViewCell.h */ = {isa = PBXFileReference; lastKnownFileType = sourcecode.c.h; path = JCPTableViewCell.h; sourceTree = "<group>"; };
		FCAA22591F8E00FC0009266A /* JCPTableViewCell.m */ = {isa = PBXFileReference; lastKnownFileType = sourcecode.c.objc; path = JCPTableViewCell.m; sourceTree = "<group>"; };
		FCAA225B1F8EF37B0009266A /* Post.h */ = {isa = PBXFileReference; lastKnownFileType = sourcecode.c.h; path = Post.h; sourceTree = "<group>"; };
		FCAA225C1F8EF37B0009266A /* Post.m */ = {isa = PBXFileReference; lastKnownFileType = sourcecode.c.objc; path = Post.m; sourceTree = "<group>"; };
		FCAA225E1F8EF4040009266A /* PIXWebAPIManager.h */ = {isa = PBXFileReference; lastKnownFileType = sourcecode.c.h; path = PIXWebAPIManager.h; sourceTree = "<group>"; };
		FCAA225F1F8EF4040009266A /* PIXWebAPIManager.m */ = {isa = PBXFileReference; lastKnownFileType = sourcecode.c.objc; path = PIXWebAPIManager.m; sourceTree = "<group>"; };
		FCD775871F8DEF7E001A3EA2 /* JCPTableTrain.app */ = {isa = PBXFileReference; explicitFileType = wrapper.application; includeInIndex = 0; path = JCPTableTrain.app; sourceTree = BUILT_PRODUCTS_DIR; };
		FCD7758A1F8DEF7E001A3EA2 /* AppDelegate.h */ = {isa = PBXFileReference; lastKnownFileType = sourcecode.c.h; path = AppDelegate.h; sourceTree = "<group>"; };
		FCD7758B1F8DEF7E001A3EA2 /* AppDelegate.m */ = {isa = PBXFileReference; lastKnownFileType = sourcecode.c.objc; path = AppDelegate.m; sourceTree = "<group>"; };
		FCD7758D1F8DEF7E001A3EA2 /* ViewController.h */ = {isa = PBXFileReference; lastKnownFileType = sourcecode.c.h; path = ViewController.h; sourceTree = "<group>"; };
		FCD7758E1F8DEF7E001A3EA2 /* ViewController.m */ = {isa = PBXFileReference; lastKnownFileType = sourcecode.c.objc; path = ViewController.m; sourceTree = "<group>"; };
		FCD775911F8DEF7E001A3EA2 /* Base */ = {isa = PBXFileReference; lastKnownFileType = file.storyboard; name = Base; path = Base.lproj/Main.storyboard; sourceTree = "<group>"; };
		FCD775931F8DEF7E001A3EA2 /* Assets.xcassets */ = {isa = PBXFileReference; lastKnownFileType = folder.assetcatalog; path = Assets.xcassets; sourceTree = "<group>"; };
		FCD775961F8DEF7E001A3EA2 /* Base */ = {isa = PBXFileReference; lastKnownFileType = file.storyboard; name = Base; path = Base.lproj/LaunchScreen.storyboard; sourceTree = "<group>"; };
		FCD775981F8DEF7E001A3EA2 /* Info.plist */ = {isa = PBXFileReference; lastKnownFileType = text.plist.xml; path = Info.plist; sourceTree = "<group>"; };
		FCD775991F8DEF7E001A3EA2 /* main.m */ = {isa = PBXFileReference; lastKnownFileType = sourcecode.c.objc; path = main.m; sourceTree = "<group>"; };
/* End PBXFileReference section */

/* Begin PBXFrameworksBuildPhase section */
		FCD775841F8DEF7E001A3EA2 /* Frameworks */ = {
			isa = PBXFrameworksBuildPhase;
			buildActionMask = 2147483647;
			files = (
				433E7579C54766A9D820EEDE /* libPods-JCPTableTrain.a in Frameworks */,
			);
			runOnlyForDeploymentPostprocessing = 0;
		};
/* End PBXFrameworksBuildPhase section */

/* Begin PBXGroup section */
		653FB4C1BB147797B4AC79CC /* Pods */ = {
			isa = PBXGroup;
			children = (
				E62A982EDE676A49982847C2 /* Pods-JCPTableTrain.debug.xcconfig */,
				3FE2122104DABD64D84406CF /* Pods-JCPTableTrain.release.xcconfig */,
			);
			name = Pods;
			sourceTree = "<group>";
		};
		A015ECB6381E7619DF06092C /* Frameworks */ = {
			isa = PBXGroup;
			children = (
				163718B89637DF37B5EA7EDA /* libPods-JCPTableTrain.a */,
			);
			name = Frameworks;
			sourceTree = "<group>";
		};
		FCD7757E1F8DEF7E001A3EA2 = {
			isa = PBXGroup;
			children = (
				FCD775891F8DEF7E001A3EA2 /* JCPTableTrain */,
				FCD775881F8DEF7E001A3EA2 /* Products */,
				653FB4C1BB147797B4AC79CC /* Pods */,
				A015ECB6381E7619DF06092C /* Frameworks */,
			);
			sourceTree = "<group>";
		};
		FCD775881F8DEF7E001A3EA2 /* Products */ = {
			isa = PBXGroup;
			children = (
				FCD775871F8DEF7E001A3EA2 /* JCPTableTrain.app */,
			);
			name = Products;
			sourceTree = "<group>";
		};
		FCD775891F8DEF7E001A3EA2 /* JCPTableTrain */ = {
			isa = PBXGroup;
			children = (
				FCD7758A1F8DEF7E001A3EA2 /* AppDelegate.h */,
				FCD7758B1F8DEF7E001A3EA2 /* AppDelegate.m */,
				FCD7758D1F8DEF7E001A3EA2 /* ViewController.h */,
				FCD7758E1F8DEF7E001A3EA2 /* ViewController.m */,
				FCD775901F8DEF7E001A3EA2 /* Main.storyboard */,
				FCD775931F8DEF7E001A3EA2 /* Assets.xcassets */,
				FCD775951F8DEF7E001A3EA2 /* LaunchScreen.storyboard */,
				FCD775981F8DEF7E001A3EA2 /* Info.plist */,
				FCD775991F8DEF7E001A3EA2 /* main.m */,
				FCAA22581F8E00FC0009266A /* JCPTableViewCell.h */,
				FCAA22591F8E00FC0009266A /* JCPTableViewCell.m */,
				FCAA225B1F8EF37B0009266A /* Post.h */,
				FCAA225C1F8EF37B0009266A /* Post.m */,
				FCAA225E1F8EF4040009266A /* PIXWebAPIManager.h */,
				FCAA225F1F8EF4040009266A /* PIXWebAPIManager.m */,
			);
			path = JCPTableTrain;
			sourceTree = "<group>";
		};
/* End PBXGroup section */

/* Begin PBXNativeTarget section */
		FCD775861F8DEF7E001A3EA2 /* JCPTableTrain */ = {
			isa = PBXNativeTarget;
			buildConfigurationList = FCD7759D1F8DEF7E001A3EA2 /* Build configuration list for PBXNativeTarget "JCPTableTrain" */;
			buildPhases = (
				FFB5284CBC0EDC906F9EDC75 /* [CP] Check Pods Manifest.lock */,
				FCD775831F8DEF7E001A3EA2 /* Sources */,
				FCD775841F8DEF7E001A3EA2 /* Frameworks */,
				FCD775851F8DEF7E001A3EA2 /* Resources */,
				B9E112584362FE36110D140A /* [CP] Embed Pods Frameworks */,
				B9E78BEA70A34186005DBDE4 /* [CP] Copy Pods Resources */,
			);
			buildRules = (
			);
			dependencies = (
			);
			name = JCPTableTrain;
			productName = JCPTableTrain;
			productReference = FCD775871F8DEF7E001A3EA2 /* JCPTableTrain.app */;
			productType = "com.apple.product-type.application";
		};
/* End PBXNativeTarget section */

/* Begin PBXProject section */
		FCD7757F1F8DEF7E001A3EA2 /* Project object */ = {
			isa = PBXProject;
			attributes = {
				LastUpgradeCheck = 0900;
				ORGANIZATIONNAME = pixnet;
				TargetAttributes = {
					FCD775861F8DEF7E001A3EA2 = {
						CreatedOnToolsVersion = 9.0;
						ProvisioningStyle = Automatic;
					};
				};
			};
			buildConfigurationList = FCD775821F8DEF7E001A3EA2 /* Build configuration list for PBXProject "JCPTableTrain" */;
			compatibilityVersion = "Xcode 8.0";
			developmentRegion = en;
			hasScannedForEncodings = 0;
			knownRegions = (
				en,
				Base,
			);
			mainGroup = FCD7757E1F8DEF7E001A3EA2;
			productRefGroup = FCD775881F8DEF7E001A3EA2 /* Products */;
			projectDirPath = "";
			projectRoot = "";
			targets = (
				FCD775861F8DEF7E001A3EA2 /* JCPTableTrain */,
			);
		};
/* End PBXProject section */

/* Begin PBXResourcesBuildPhase section */
		FCD775851F8DEF7E001A3EA2 /* Resources */ = {
			isa = PBXResourcesBuildPhase;
			buildActionMask = 2147483647;
			files = (
				FCD775971F8DEF7E001A3EA2 /* LaunchScreen.storyboard in Resources */,
				FCD775941F8DEF7E001A3EA2 /* Assets.xcassets in Resources */,
				FCD775921F8DEF7E001A3EA2 /* Main.storyboard in Resources */,
			);
			runOnlyForDeploymentPostprocessing = 0;
		};
/* End PBXResourcesBuildPhase section */

/* Begin PBXShellScriptBuildPhase section */
		B9E112584362FE36110D140A /* [CP] Embed Pods Frameworks */ = {
			isa = PBXShellScriptBuildPhase;
			buildActionMask = 2147483647;
			files = (
			);
			inputPaths = (
			);
			name = "[CP] Embed Pods Frameworks";
			outputPaths = (
			);
			runOnlyForDeploymentPostprocessing = 0;
			shellPath = /bin/sh;
			shellScript = "\"${SRCROOT}/Pods/Target Support Files/Pods-JCPTableTrain/Pods-JCPTableTrain-frameworks.sh\"\n";
			showEnvVarsInLog = 0;
		};
		B9E78BEA70A34186005DBDE4 /* [CP] Copy Pods Resources */ = {
			isa = PBXShellScriptBuildPhase;
			buildActionMask = 2147483647;
			files = (
			);
			inputPaths = (
			);
			name = "[CP] Copy Pods Resources";
			outputPaths = (
			);
			runOnlyForDeploymentPostprocessing = 0;
			shellPath = /bin/sh;
			shellScript = "\"${SRCROOT}/Pods/Target Support Files/Pods-JCPTableTrain/Pods-JCPTableTrain-resources.sh\"\n";
			showEnvVarsInLog = 0;
		};
		FFB5284CBC0EDC906F9EDC75 /* [CP] Check Pods Manifest.lock */ = {
			isa = PBXShellScriptBuildPhase;
			buildActionMask = 2147483647;
			files = (
			);
			inputPaths = (
				"${PODS_PODFILE_DIR_PATH}/Podfile.lock",
				"${PODS_ROOT}/Manifest.lock",
			);
			name = "[CP] Check Pods Manifest.lock";
			outputPaths = (
				"$(DERIVED_FILE_DIR)/Pods-JCPTableTrain-checkManifestLockResult.txt",
			);
			runOnlyForDeploymentPostprocessing = 0;
			shellPath = /bin/sh;
			shellScript = "diff \"${PODS_PODFILE_DIR_PATH}/Podfile.lock\" \"${PODS_ROOT}/Manifest.lock\" > /dev/null\nif [ $? != 0 ] ; then\n    # print error to STDERR\n    echo \"error: The sandbox is not in sync with the Podfile.lock. Run 'pod install' or update your CocoaPods installation.\" >&2\n    exit 1\nfi\n# This output is used by Xcode 'outputs' to avoid re-running this script phase.\necho \"SUCCESS\" > \"${SCRIPT_OUTPUT_FILE_0}\"\n";
			showEnvVarsInLog = 0;
		};
/* End PBXShellScriptBuildPhase section */

/* Begin PBXSourcesBuildPhase section */
		FCD775831F8DEF7E001A3EA2 /* Sources */ = {
			isa = PBXSourcesBuildPhase;
			buildActionMask = 2147483647;
			files = (
				FCAA225D1F8EF37B0009266A /* Post.m in Sources */,
				FCD7758F1F8DEF7E001A3EA2 /* ViewController.m in Sources */,
				FCAA225A1F8E00FC0009266A /* JCPTableViewCell.m in Sources */,
				FCAA22601F8EF4040009266A /* PIXWebAPIManager.m in Sources */,
				FCD7759A1F8DEF7E001A3EA2 /* main.m in Sources */,
				FCD7758C1F8DEF7E001A3EA2 /* AppDelegate.m in Sources */,
			);
			runOnlyForDeploymentPostprocessing = 0;
		};
/* End PBXSourcesBuildPhase section */

/* Begin PBXVariantGroup section */
		FCD775901F8DEF7E001A3EA2 /* Main.storyboard */ = {
			isa = PBXVariantGroup;
			children = (
				FCD775911F8DEF7E001A3EA2 /* Base */,
			);
			name = Main.storyboard;
			sourceTree = "<group>";
		};
		FCD775951F8DEF7E001A3EA2 /* LaunchScreen.storyboard */ = {
			isa = PBXVariantGroup;
			children = (
				FCD775961F8DEF7E001A3EA2 /* Base */,
			);
			name = LaunchScreen.storyboard;
			sourceTree = "<group>";
		};
/* End PBXVariantGroup section */

/* Begin XCBuildConfiguration section */
		FCD7759B1F8DEF7E001A3EA2 /* Debug */ = {
			isa = XCBuildConfiguration;
			buildSettings = {
				ALWAYS_SEARCH_USER_PATHS = NO;
				CLANG_ANALYZER_NONNULL = YES;
				CLANG_ANALYZER_NUMBER_OBJECT_CONVERSION = YES_AGGRESSIVE;
				CLANG_CXX_LANGUAGE_STANDARD = "gnu++14";
				CLANG_CXX_LIBRARY = "libc++";
				CLANG_ENABLE_MODULES = YES;
				CLANG_ENABLE_OBJC_ARC = YES;
				CLANG_WARN_BLOCK_CAPTURE_AUTORELEASING = YES;
				CLANG_WARN_BOOL_CONVERSION = YES;
				CLANG_WARN_COMMA = YES;
				CLANG_WARN_CONSTANT_CONVERSION = YES;
				CLANG_WARN_DIRECT_OBJC_ISA_USAGE = YES_ERROR;
				CLANG_WARN_DOCUMENTATION_COMMENTS = YES;
				CLANG_WARN_EMPTY_BODY = YES;
				CLANG_WARN_ENUM_CONVERSION = YES;
				CLANG_WARN_INFINITE_RECURSION = YES;
				CLANG_WARN_INT_CONVERSION = YES;
				CLANG_WARN_NON_LITERAL_NULL_CONVERSION = YES;
				CLANG_WARN_OBJC_LITERAL_CONVERSION = YES;
				CLANG_WARN_OBJC_ROOT_CLASS = YES_ERROR;
				CLANG_WARN_RANGE_LOOP_ANALYSIS = YES;
				CLANG_WARN_STRICT_PROTOTYPES = YES;
				CLANG_WARN_SUSPICIOUS_MOVE = YES;
				CLANG_WARN_UNGUARDED_AVAILABILITY = YES_AGGRESSIVE;
				CLANG_WARN_UNREACHABLE_CODE = YES;
				CLANG_WARN__DUPLICATE_METHOD_MATCH = YES;
				CODE_SIGN_IDENTITY = "iPhone Developer";
				COPY_PHASE_STRIP = NO;
				DEBUG_INFORMATION_FORMAT = dwarf;
				ENABLE_STRICT_OBJC_MSGSEND = YES;
				ENABLE_TESTABILITY = YES;
				GCC_C_LANGUAGE_STANDARD = gnu11;
				GCC_DYNAMIC_NO_PIC = NO;
				GCC_NO_COMMON_BLOCKS = YES;
				GCC_OPTIMIZATION_LEVEL = 0;
				GCC_PREPROCESSOR_DEFINITIONS = (
					"DEBUG=1",
					"$(inherited)",
				);
				GCC_WARN_64_TO_32_BIT_CONVERSION = YES;
				GCC_WARN_ABOUT_RETURN_TYPE = YES_ERROR;
				GCC_WARN_UNDECLARED_SELECTOR = YES;
				GCC_WARN_UNINITIALIZED_AUTOS = YES_AGGRESSIVE;
				GCC_WARN_UNUSED_FUNCTION = YES;
				GCC_WARN_UNUSED_VARIABLE = YES;
				IPHONEOS_DEPLOYMENT_TARGET = 11.0;
				MTL_ENABLE_DEBUG_INFO = YES;
				ONLY_ACTIVE_ARCH = YES;
				SDKROOT = iphoneos;
			};
			name = Debug;
		};
		FCD7759C1F8DEF7E001A3EA2 /* Release */ = {
			isa = XCBuildConfiguration;
			buildSettings = {
				ALWAYS_SEARCH_USER_PATHS = NO;
				CLANG_ANALYZER_NONNULL = YES;
				CLANG_ANALYZER_NUMBER_OBJECT_CONVERSION = YES_AGGRESSIVE;
				CLANG_CXX_LANGUAGE_STANDARD = "gnu++14";
				CLANG_CXX_LIBRARY = "libc++";
				CLANG_ENABLE_MODULES = YES;
				CLANG_ENABLE_OBJC_ARC = YES;
				CLANG_WARN_BLOCK_CAPTURE_AUTORELEASING = YES;
				CLANG_WARN_BOOL_CONVERSION = YES;
				CLANG_WARN_COMMA = YES;
				CLANG_WARN_CONSTANT_CONVERSION = YES;
				CLANG_WARN_DIRECT_OBJC_ISA_USAGE = YES_ERROR;
				CLANG_WARN_DOCUMENTATION_COMMENTS = YES;
				CLANG_WARN_EMPTY_BODY = YES;
				CLANG_WARN_ENUM_CONVERSION = YES;
				CLANG_WARN_INFINITE_RECURSION = YES;
				CLANG_WARN_INT_CONVERSION = YES;
				CLANG_WARN_NON_LITERAL_NULL_CONVERSION = YES;
				CLANG_WARN_OBJC_LITERAL_CONVERSION = YES;
				CLANG_WARN_OBJC_ROOT_CLASS = YES_ERROR;
				CLANG_WARN_RANGE_LOOP_ANALYSIS = YES;
				CLANG_WARN_STRICT_PROTOTYPES = YES;
				CLANG_WARN_SUSPICIOUS_MOVE = YES;
				CLANG_WARN_UNGUARDED_AVAILABILITY = YES_AGGRESSIVE;
				CLANG_WARN_UNREACHABLE_CODE = YES;
				CLANG_WARN__DUPLICATE_METHOD_MATCH = YES;
				CODE_SIGN_IDENTITY = "iPhone Developer";
				COPY_PHASE_STRIP = NO;
				DEBUG_INFORMATION_FORMAT = "dwarf-with-dsym";
				ENABLE_NS_ASSERTIONS = NO;
				ENABLE_STRICT_OBJC_MSGSEND = YES;
				GCC_C_LANGUAGE_STANDARD = gnu11;
				GCC_NO_COMMON_BLOCKS = YES;
				GCC_WARN_64_TO_32_BIT_CONVERSION = YES;
				GCC_WARN_ABOUT_RETURN_TYPE = YES_ERROR;
				GCC_WARN_UNDECLARED_SELECTOR = YES;
				GCC_WARN_UNINITIALIZED_AUTOS = YES_AGGRESSIVE;
				GCC_WARN_UNUSED_FUNCTION = YES;
				GCC_WARN_UNUSED_VARIABLE = YES;
				IPHONEOS_DEPLOYMENT_TARGET = 11.0;
				MTL_ENABLE_DEBUG_INFO = NO;
				SDKROOT = iphoneos;
				VALIDATE_PRODUCT = YES;
			};
			name = Release;
		};
		FCD7759E1F8DEF7E001A3EA2 /* Debug */ = {
			isa = XCBuildConfiguration;
			baseConfigurationReference = E62A982EDE676A49982847C2 /* Pods-JCPTableTrain.debug.xcconfig */;
			buildSettings = {
				ASSETCATALOG_COMPILER_APPICON_NAME = AppIcon;
				CODE_SIGN_STYLE = Automatic;
				INFOPLIST_FILE = JCPTableTrain/Info.plist;
				LD_RUNPATH_SEARCH_PATHS = "$(inherited)";
				PRODUCT_BUNDLE_IDENTIFIER = tw.pixnet.JCPTableTrain;
				PRODUCT_NAME = "$(TARGET_NAME)";
				TARGETED_DEVICE_FAMILY = "1,2";
			};
			name = Debug;
		};
		FCD7759F1F8DEF7E001A3EA2 /* Release */ = {
			isa = XCBuildConfiguration;
			baseConfigurationReference = 3FE2122104DABD64D84406CF /* Pods-JCPTableTrain.release.xcconfig */;
			buildSettings = {
				ASSETCATALOG_COMPILER_APPICON_NAME = AppIcon;
				CODE_SIGN_STYLE = Automatic;
				INFOPLIST_FILE = JCPTableTrain/Info.plist;
				LD_RUNPATH_SEARCH_PATHS = "$(inherited)";
				PRODUCT_BUNDLE_IDENTIFIER = tw.pixnet.JCPTableTrain;
				PRODUCT_NAME = "$(TARGET_NAME)";
				TARGETED_DEVICE_FAMILY = "1,2";
			};
			name = Release;
		};
/* End XCBuildConfiguration section */

/* Begin XCConfigurationList section */
		FCD775821F8DEF7E001A3EA2 /* Build configuration list for PBXProject "JCPTableTrain" */ = {
			isa = XCConfigurationList;
			buildConfigurations = (
				FCD7759B1F8DEF7E001A3EA2 /* Debug */,
				FCD7759C1F8DEF7E001A3EA2 /* Release */,
			);
			defaultConfigurationIsVisible = 0;
			defaultConfigurationName = Release;
		};
		FCD7759D1F8DEF7E001A3EA2 /* Build configuration list for PBXNativeTarget "JCPTableTrain" */ = {
			isa = XCConfigurationList;
			buildConfigurations = (
				FCD7759E1F8DEF7E001A3EA2 /* Debug */,
				FCD7759F1F8DEF7E001A3EA2 /* Release */,
			);
			defaultConfigurationIsVisible = 0;
			defaultConfigurationName = Release;
		};
/* End XCConfigurationList section */
	};
	rootObject = FCD7757F1F8DEF7E001A3EA2 /* Project object */;
}
